
Microsoft Visual Studio Solution File, Format Version 12.00
# Visual Studio Version 17
VisualStudioVersion = 17.4.33122.133
MinimumVisualStudioVersion = 10.0.40219.1
Project("{9A19103F-16F7-4668-BE54-9A1E7A4F7556}") = "HelloWorldApp", "HelloWorldApp\HelloWorldApp.csproj", "{C14F1516-77D4-4140-BF4E-457093FF0B0F}"
EndProject
Project("{9A19103F-16F7-4668-BE54-9A1E7A4F7556}") = "PM.Scheduler.GTools", "PM.Scheduler.GTools\PM.Scheduler.GTools.csproj", "{A68E1E77-4731-4DCA-9F48-3018EC7E9EE0}"
EndProject
Global
	GlobalSection(SolutionConfigurationPlatforms) = preSolution
		Debug|Any CPU = Debug|Any CPU
		Release|Any CPU = Release|Any CPU
	EndGlobalSection
	GlobalSection(ProjectConfigurationPlatforms) = postSolution
		{C14F1516-77D4-4140-BF4E-457093FF0B0F}.Debug|Any CPU.ActiveCfg = Debug|Any CPU
		{C14F1516-77D4-4140-BF4E-457093FF0B0F}.Debug|Any CPU.Build.0 = Debug|Any CPU
		{C14F1516-77D4-4140-BF4E-457093FF0B0F}.Release|Any CPU.ActiveCfg = Release|Any CPU
		{C14F1516-77D4-4140-BF4E-457093FF0B0F}.Release|Any CPU.Build.0 = Release|Any CPU
		{A68E1E77-4731-4DCA-9F48-3018EC7E9EE0}.Debug|Any CPU.ActiveCfg = Debug|Any CPU
		{A68E1E77-4731-4DCA-9F48-3018EC7E9EE0}.Debug|Any CPU.Build.0 = Debug|Any CPU
		{A68E1E77-4731-4DCA-9F48-3018EC7E9EE0}.Release|Any CPU.ActiveCfg = Release|Any CPU
		{A68E1E77-4731-4DCA-9F48-3018EC7E9EE0}.Release|Any CPU.Build.0 = Release|Any CPU
	EndGlobalSection
	GlobalSection(SolutionProperties) = preSolution
		HideSolutionNode = FALSE
	EndGlobalSection
	GlobalSection(ExtensibilityGlobals) = postSolution
		SolutionGuid = {10589814-E3AF-4D21-8464-4CEFB6D69D3C}
	EndGlobalSection
EndGlobal
